// !$*UTF8*$!
{
	archiveVersion = 1;
	classes = {
	};
	objectVersion = 56;
	objects = {

/* Begin PBXBuildFile section */
		FBC5ADF52BE8D07400309492 /* swift_ui_6App.swift in Sources */ = {isa = PBXBuildFile; fileRef = FBC5ADF42BE8D07400309492 /* swift_ui_6App.swift */; };
		FBC5ADF72BE8D07400309492 /* ContentView.swift in Sources */ = {isa = PBXBuildFile; fileRef = FBC5ADF62BE8D07400309492 /* ContentView.swift */; };
		FBC5ADF92BE8D07A00309492 /* Assets.xcassets in Resources */ = {isa = PBXBuildFile; fileRef = FBC5ADF82BE8D07A00309492 /* Assets.xcassets */; };
		FBC5ADFC2BE8D07A00309492 /* Preview Assets.xcassets in Resources */ = {isa = PBXBuildFile; fileRef = FBC5ADFB2BE8D07A00309492 /* Preview Assets.xcassets */; };
		FBC5AE062BE8D07B00309492 /* swift_ui_6Tests.swift in Sources */ = {isa = PBXBuildFile; fileRef = FBC5AE052BE8D07B00309492 /* swift_ui_6Tests.swift */; };
		FBC5AE102BE8D07C00309492 /* swift_ui_6UITests.swift in Sources */ = {isa = PBXBuildFile; fileRef = FBC5AE0F2BE8D07C00309492 /* swift_ui_6UITests.swift */; };
		FBC5AE122BE8D07C00309492 /* swift_ui_6UITestsLaunchTests.swift in Sources */ = {isa = PBXBuildFile; fileRef = FBC5AE112BE8D07C00309492 /* swift_ui_6UITestsLaunchTests.swift */; };
		FBC5AE1F2BE8D0E100309492 /* ActivityView.swift in Sources */ = {isa = PBXBuildFile; fileRef = FBC5AE1E2BE8D0E100309492 /* ActivityView.swift */; };
/* End PBXBuildFile section */

/* Begin PBXContainerItemProxy section */
		FBC5AE022BE8D07B00309492 /* PBXContainerItemProxy */ = {
			isa = PBXContainerItemProxy;
			containerPortal = FBC5ADE92BE8D07300309492 /* Project object */;
			proxyType = 1;
			remoteGlobalIDString = FBC5ADF02BE8D07400309492;
			remoteInfo = "swift ui 6";
		};
		FBC5AE0C2BE8D07C00309492 /* PBXContainerItemProxy */ = {
			isa = PBXContainerItemProxy;
			containerPortal = FBC5ADE92BE8D07300309492 /* Project object */;
			proxyType = 1;
			remoteGlobalIDString = FBC5ADF02BE8D07400309492;
			remoteInfo = "swift ui 6";
		};
/* End PBXContainerItemProxy section */

/* Begin PBXFileReference section */
		FBC5ADF12BE8D07400309492 /* swift ui 6.app */ = {isa = PBXFileReference; explicitFileType = wrapper.application; includeInIndex = 0; path = "swift ui 6.app"; sourceTree = BUILT_PRODUCTS_DIR; };
		FBC5ADF42BE8D07400309492 /* swift_ui_6App.swift */ = {isa = PBXFileReference; lastKnownFileType = sourcecode.swift; path = swift_ui_6App.swift; sourceTree = "<group>"; };
		FBC5ADF62BE8D07400309492 /* ContentView.swift */ = {isa = PBXFileReference; lastKnownFileType = sourcecode.swift; path = ContentView.swift; sourceTree = "<group>"; };
		FBC5ADF82BE8D07A00309492 /* Assets.xcassets */ = {isa = PBXFileReference; lastKnownFileType = folder.assetcatalog; path = Assets.xcassets; sourceTree = "<group>"; };
		FBC5ADFB2BE8D07A00309492 /* Preview Assets.xcassets */ = {isa = PBXFileReference; lastKnownFileType = folder.assetcatalog; path = "Preview Assets.xcassets"; sourceTree = "<group>"; };
		FBC5AE012BE8D07B00309492 /* swift ui 6Tests.xctest */ = {isa = PBXFileReference; explicitFileType = wrapper.cfbundle; includeInIndex = 0; path = "swift ui 6Tests.xctest"; sourceTree = BUILT_PRODUCTS_DIR; };
		FBC5AE052BE8D07B00309492 /* swift_ui_6Tests.swift */ = {isa = PBXFileReference; lastKnownFileType = sourcecode.swift; path = swift_ui_6Tests.swift; sourceTree = "<group>"; };
		FBC5AE0B2BE8D07C00309492 /* swift ui 6UITests.xctest */ = {isa = PBXFileReference; explicitFileType = wrapper.cfbundle; includeInIndex = 0; path = "swift ui 6UITests.xctest"; sourceTree = BUILT_PRODUCTS_DIR; };
		FBC5AE0F2BE8D07C00309492 /* swift_ui_6UITests.swift */ = {isa = PBXFileReference; lastKnownFileType = sourcecode.swift; path = swift_ui_6UITests.swift; sourceTree = "<group>"; };
		FBC5AE112BE8D07C00309492 /* swift_ui_6UITestsLaunchTests.swift */ = {isa = PBXFileReference; lastKnownFileType = sourcecode.swift; path = swift_ui_6UITestsLaunchTests.swift; sourceTree = "<group>"; };
		FBC5AE1E2BE8D0E100309492 /* ActivityView.swift */ = {isa = PBXFileReference; lastKnownFileType = sourcecode.swift; path = ActivityView.swift; sourceTree = "<group>"; };
/* End PBXFileReference section */

/* Begin PBXFrameworksBuildPhase section */
		FBC5ADEE2BE8D07400309492 /* Frameworks */ = {
			isa = PBXFrameworksBuildPhase;
			buildActionMask = 2147483647;
			files = (
			);
			runOnlyForDeploymentPostprocessing = 0;
		};
		FBC5ADFE2BE8D07B00309492 /* Frameworks */ = {
			isa = PBXFrameworksBuildPhase;
			buildActionMask = 2147483647;
			files = (
			);
			runOnlyForDeploymentPostprocessing = 0;
		};
		FBC5AE082BE8D07C00309492 /* Frameworks */ = {
			isa = PBXFrameworksBuildPhase;
			buildActionMask = 2147483647;
			files = (
			);
			runOnlyForDeploymentPostprocessing = 0;
		};
/* End PBXFrameworksBuildPhase section */

/* Begin PBXGroup section */
		FBC5ADE82BE8D07300309492 = {
			isa = PBXGroup;
			children = (
				FBC5ADF32BE8D07400309492 /* swift ui 6 */,
				FBC5AE042BE8D07B00309492 /* swift ui 6Tests */,
				FBC5AE0E2BE8D07C00309492 /* swift ui 6UITests */,
				FBC5ADF22BE8D07400309492 /* Products */,
			);
			sourceTree = "<group>";
		};
		FBC5ADF22BE8D07400309492 /* Products */ = {
			isa = PBXGroup;
			children = (
				FBC5ADF12BE8D07400309492 /* swift ui 6.app */,
				FBC5AE012BE8D07B00309492 /* swift ui 6Tests.xctest */,
				FBC5AE0B2BE8D07C00309492 /* swift ui 6UITests.xctest */,
			);
			name = Products;
			sourceTree = "<group>";
		};
		FBC5ADF32BE8D07400309492 /* swift ui 6 */ = {
			isa = PBXGroup;
			children = (
				FBC5ADF42BE8D07400309492 /* swift_ui_6App.swift */,
				FBC5ADF62BE8D07400309492 /* ContentView.swift */,
				FBC5AE1E2BE8D0E100309492 /* ActivityView.swift */,
				FBC5ADF82BE8D07A00309492 /* Assets.xcassets */,
				FBC5ADFA2BE8D07A00309492 /* Preview Content */,
			);
			path = "swift ui 6";
			sourceTree = "<group>";
		};
		FBC5ADFA2BE8D07A00309492 /* Preview Content */ = {
			isa = PBXGroup;
			children = (
				FBC5ADFB2BE8D07A00309492 /* Preview Assets.xcassets */,
			);
			path = "Preview Content";
			sourceTree = "<group>";
		};
		FBC5AE042BE8D07B00309492 /* swift ui 6Tests */ = {
			isa = PBXGroup;
			children = (
				FBC5AE052BE8D07B00309492 /* swift_ui_6Tests.swift */,
			);
			path = "swift ui 6Tests";
			sourceTree = "<group>";
		};
		FBC5AE0E2BE8D07C00309492 /* swift ui 6UITests */ = {
			isa = PBXGroup;
			children = (
				FBC5AE0F2BE8D07C00309492 /* swift_ui_6UITests.swift */,
				FBC5AE112BE8D07C00309492 /* swift_ui_6UITestsLaunchTests.swift */,
			);
			path = "swift ui 6UITests";
			sourceTree = "<group>";
		};
/* End PBXGroup section */

/* Begin PBXNativeTarget section */
		FBC5ADF02BE8D07400309492 /* swift ui 6 */ = {
			isa = PBXNativeTarget;
			buildConfigurationList = FBC5AE152BE8D07C00309492 /* Build configuration list for PBXNativeTarget "swift ui 6" */;
			buildPhases = (
				FBC5ADED2BE8D07400309492 /* Sources */,
				FBC5ADEE2BE8D07400309492 /* Frameworks */,
				FBC5ADEF2BE8D07400309492 /* Resources */,
			);
			buildRules = (
			);
			dependencies = (
			);
			name = "swift ui 6";
			productName = "swift ui 6";
			productReference = FBC5ADF12BE8D07400309492 /* swift ui 6.app */;
			productType = "com.apple.product-type.application";
		};
		FBC5AE002BE8D07B00309492 /* swift ui 6Tests */ = {
			isa = PBXNativeTarget;
			buildConfigurationList = FBC5AE182BE8D07C00309492 /* Build configuration list for PBXNativeTarget "swift ui 6Tests" */;
			buildPhases = (
				FBC5ADFD2BE8D07B00309492 /* Sources */,
				FBC5ADFE2BE8D07B00309492 /* Frameworks */,
				FBC5ADFF2BE8D07B00309492 /* Resources */,
			);
			buildRules = (
			);
			dependencies = (
				FBC5AE032BE8D07B00309492 /* PBXTargetDependency */,
			);
			name = "swift ui 6Tests";
			productName = "swift ui 6Tests";
			productReference = FBC5AE012BE8D07B00309492 /* swift ui 6Tests.xctest */;
			productType = "com.apple.product-type.bundle.unit-test";
		};
		FBC5AE0A2BE8D07C00309492 /* swift ui 6UITests */ = {
			isa = PBXNativeTarget;
			buildConfigurationList = FBC5AE1B2BE8D07C00309492 /* Build configuration list for PBXNativeTarget "swift ui 6UITests" */;
			buildPhases = (
				FBC5AE072BE8D07C00309492 /* Sources */,
				FBC5AE082BE8D07C00309492 /* Frameworks */,
				FBC5AE092BE8D07C00309492 /* Resources */,
			);
			buildRules = (
			);
			dependencies = (
				FBC5AE0D2BE8D07C00309492 /* PBXTargetDependency */,
			);
			name = "swift ui 6UITests";
			productName = "swift ui 6UITests";
			productReference = FBC5AE0B2BE8D07C00309492 /* swift ui 6UITests.xctest */;
			productType = "com.apple.product-type.bundle.ui-testing";
		};
/* End PBXNativeTarget section */

/* Begin PBXProject section */
		FBC5ADE92BE8D07300309492 /* Project object */ = {
			isa = PBXProject;
			attributes = {
				BuildIndependentTargetsInParallel = 1;
				LastSwiftUpdateCheck = 1520;
				LastUpgradeCheck = 1520;
				TargetAttributes = {
					FBC5ADF02BE8D07400309492 = {
						CreatedOnToolsVersion = 15.2;
					};
					FBC5AE002BE8D07B00309492 = {
						CreatedOnToolsVersion = 15.2;
						TestTargetID = FBC5ADF02BE8D07400309492;
					};
					FBC5AE0A2BE8D07C00309492 = {
						CreatedOnToolsVersion = 15.2;
						TestTargetID = FBC5ADF02BE8D07400309492;
					};
				};
			};
			buildConfigurationList = FBC5ADEC2BE8D07300309492 /* Build configuration list for PBXProject "swift ui 6" */;
			compatibilityVersion = "Xcode 14.0";
			developmentRegion = en;
			hasScannedForEncodings = 0;
			knownRegions = (
				en,
				Base,
			);
			mainGroup = FBC5ADE82BE8D07300309492;
			productRefGroup = FBC5ADF22BE8D07400309492 /* Products */;
			projectDirPath = "";
			projectRoot = "";
			targets = (
				FBC5ADF02BE8D07400309492 /* swift ui 6 */,
				FBC5AE002BE8D07B00309492 /* swift ui 6Tests */,
				FBC5AE0A2BE8D07C00309492 /* swift ui 6UITests */,
			);
		};
/* End PBXProject section */

/* Begin PBXResourcesBuildPhase section */
		FBC5ADEF2BE8D07400309492 /* Resources */ = {
			isa = PBXResourcesBuildPhase;
			buildActionMask = 2147483647;
			files = (
				FBC5ADFC2BE8D07A00309492 /* Preview Assets.xcassets in Resources */,
				FBC5ADF92BE8D07A00309492 /* Assets.xcassets in Resources */,
			);
			runOnlyForDeploymentPostprocessing = 0;
		};
		FBC5ADFF2BE8D07B00309492 /* Resources */ = {
			isa = PBXResourcesBuildPhase;
			buildActionMask = 2147483647;
			files = (
			);
			runOnlyForDeploymentPostprocessing = 0;
		};
		FBC5AE092BE8D07C00309492 /* Resources */ = {
			isa = PBXResourcesBuildPhase;
			buildActionMask = 2147483647;
			files = (
			);
			runOnlyForDeploymentPostprocessing = 0;
		};
/* End PBXResourcesBuildPhase section */

/* Begin PBXSourcesBuildPhase section */
		FBC5ADED2BE8D07400309492 /* Sources */ = {
			isa = PBXSourcesBuildPhase;
			buildActionMask = 2147483647;
			files = (
				FBC5ADF72BE8D07400309492 /* ContentView.swift in Sources */,
				FBC5ADF52BE8D07400309492 /* swift_ui_6App.swift in Sources */,
				FBC5AE1F2BE8D0E100309492 /* ActivityView.swift in Sources */,
			);
			runOnlyForDeploymentPostprocessing = 0;
		};
		FBC5ADFD2BE8D07B00309492 /* Sources */ = {
			isa = PBXSourcesBuildPhase;
			buildActionMask = 2147483647;
			files = (
				FBC5AE062BE8D07B00309492 /* swift_ui_6Tests.swift in Sources */,
			);
			runOnlyForDeploymentPostprocessing = 0;
		};
		FBC5AE072BE8D07C00309492 /* Sources */ = {
			isa = PBXSourcesBuildPhase;
			buildActionMask = 2147483647;
			files = (
				FBC5AE102BE8D07C00309492 /* swift_ui_6UITests.swift in Sources */,
				FBC5AE122BE8D07C00309492 /* swift_ui_6UITestsLaunchTests.swift in Sources */,
			);
			runOnlyForDeploymentPostprocessing = 0;
		};
/* End PBXSourcesBuildPhase section */

/* Begin PBXTargetDependency section */
		FBC5AE032BE8D07B00309492 /* PBXTargetDependency */ = {
			isa = PBXTargetDependency;
			target = FBC5ADF02BE8D07400309492 /* swift ui 6 */;
			targetProxy = FBC5AE022BE8D07B00309492 /* PBXContainerItemProxy */;
		};
		FBC5AE0D2BE8D07C00309492 /* PBXTargetDependency */ = {
			isa = PBXTargetDependency;
			target = FBC5ADF02BE8D07400309492 /* swift ui 6 */;
			targetProxy = FBC5AE0C2BE8D07C00309492 /* PBXContainerItemProxy */;
		};
/* End PBXTargetDependency section */

/* Begin XCBuildConfiguration section */
		FBC5AE132BE8D07C00309492 /* Debug */ = {
			isa = XCBuildConfiguration;
			buildSettings = {
				ALWAYS_SEARCH_USER_PATHS = NO;
				ASSETCATALOG_COMPILER_GENERATE_SWIFT_ASSET_SYMBOL_EXTENSIONS = YES;
				CLANG_ANALYZER_NONNULL = YES;
				CLANG_ANALYZER_NUMBER_OBJECT_CONVERSION = YES_AGGRESSIVE;
				CLANG_CXX_LANGUAGE_STANDARD = "gnu++20";
				CLANG_ENABLE_MODULES = YES;
				CLANG_ENABLE_OBJC_ARC = YES;
				CLANG_ENABLE_OBJC_WEAK = YES;
				CLANG_WARN_BLOCK_CAPTURE_AUTORELEASING = YES;
				CLANG_WARN_BOOL_CONVERSION = YES;
				CLANG_WARN_COMMA = YES;
				CLANG_WARN_CONSTANT_CONVERSION = YES;
				CLANG_WARN_DEPRECATED_OBJC_IMPLEMENTATIONS = YES;
				CLANG_WARN_DIRECT_OBJC_ISA_USAGE = YES_ERROR;
				CLANG_WARN_DOCUMENTATION_COMMENTS = YES;
				CLANG_WARN_EMPTY_BODY = YES;
				CLANG_WARN_ENUM_CONVERSION = YES;
				CLANG_WARN_INFINITE_RECURSION = YES;
				CLANG_WARN_INT_CONVERSION = YES;
				CLANG_WARN_NON_LITERAL_NULL_CONVERSION = YES;
				CLANG_WARN_OBJC_IMPLICIT_RETAIN_SELF = YES;
				CLANG_WARN_OBJC_LITERAL_CONVERSION = YES;
				CLANG_WARN_OBJC_ROOT_CLASS = YES_ERROR;
				CLANG_WARN_QUOTED_INCLUDE_IN_FRAMEWORK_HEADER = YES;
				CLANG_WARN_RANGE_LOOP_ANALYSIS = YES;
				CLANG_WARN_STRICT_PROTOTYPES = YES;
				CLANG_WARN_SUSPICIOUS_MOVE = YES;
				CLANG_WARN_UNGUARDED_AVAILABILITY = YES_AGGRESSIVE;
				CLANG_WARN_UNREACHABLE_CODE = YES;
				CLANG_WARN__DUPLICATE_METHOD_MATCH = YES;
				COPY_PHASE_STRIP = NO;
				DEBUG_INFORMATION_FORMAT = dwarf;
				ENABLE_STRICT_OBJC_MSGSEND = YES;
				ENABLE_TESTABILITY = YES;
				ENABLE_USER_SCRIPT_SANDBOXING = YES;
				GCC_C_LANGUAGE_STANDARD = gnu17;
				GCC_DYNAMIC_NO_PIC = NO;
				GCC_NO_COMMON_BLOCKS = YES;
				GCC_OPTIMIZATION_LEVEL = 0;
				GCC_PREPROCESSOR_DEFINITIONS = (
					"DEBUG=1",
					"$(inherited)",
				);
				GCC_WARN_64_TO_32_BIT_CONVERSION = YES;
				GCC_WARN_ABOUT_RETURN_TYPE = YES_ERROR;
				GCC_WARN_UNDECLARED_SELECTOR = YES;
				GCC_WARN_UNINITIALIZED_AUTOS = YES_AGGRESSIVE;
				GCC_WARN_UNUSED_FUNCTION = YES;
				GCC_WARN_UNUSED_VARIABLE = YES;
				IPHONEOS_DEPLOYMENT_TARGET = 17.2;
				LOCALIZATION_PREFERS_STRING_CATALOGS = YES;
				MTL_ENABLE_DEBUG_INFO = INCLUDE_SOURCE;
				MTL_FAST_MATH = YES;
				ONLY_ACTIVE_ARCH = YES;
				SDKROOT = iphoneos;
				SWIFT_ACTIVE_COMPILATION_CONDITIONS = "DEBUG $(inherited)";
				SWIFT_OPTIMIZATION_LEVEL = "-Onone";
			};
			name = Debug;
		};
		FBC5AE142BE8D07C00309492 /* Release */ = {
			isa = XCBuildConfiguration;
			buildSettings = {
				ALWAYS_SEARCH_USER_PATHS = NO;
				ASSETCATALOG_COMPILER_GENERATE_SWIFT_ASSET_SYMBOL_EXTENSIONS = YES;
				CLANG_ANALYZER_NONNULL = YES;
				CLANG_ANALYZER_NUMBER_OBJECT_CONVERSION = YES_AGGRESSIVE;
				CLANG_CXX_LANGUAGE_STANDARD = "gnu++20";
				CLANG_ENABLE_MODULES = YES;
				CLANG_ENABLE_OBJC_ARC = YES;
				CLANG_ENABLE_OBJC_WEAK = YES;
				CLANG_WARN_BLOCK_CAPTURE_AUTORELEASING = YES;
				CLANG_WARN_BOOL_CONVERSION = YES;
				CLANG_WARN_COMMA = YES;
				CLANG_WARN_CONSTANT_CONVERSION = YES;
				CLANG_WARN_DEPRECATED_OBJC_IMPLEMENTATIONS = YES;
				CLANG_WARN_DIRECT_OBJC_ISA_USAGE = YES_ERROR;
				CLANG_WARN_DOCUMENTATION_COMMENTS = YES;
				CLANG_WARN_EMPTY_BODY = YES;
				CLANG_WARN_ENUM_CONVERSION = YES;
				CLANG_WARN_INFINITE_RECURSION = YES;
				CLANG_WARN_INT_CONVERSION = YES;
				CLANG_WARN_NON_LITERAL_NULL_CONVERSION = YES;
				CLANG_WARN_OBJC_IMPLICIT_RETAIN_SELF = YES;
				CLANG_WARN_OBJC_LITERAL_CONVERSION = YES;
				CLANG_WARN_OBJC_ROOT_CLASS = YES_ERROR;
				CLANG_WARN_QUOTED_INCLUDE_IN_FRAMEWORK_HEADER = YES;
				CLANG_WARN_RANGE_LOOP_ANALYSIS = YES;
				CLANG_WARN_STRICT_PROTOTYPES = YES;
				CLANG_WARN_SUSPICIOUS_MOVE = YES;
				CLANG_WARN_UNGUARDED_AVAILABILITY = YES_AGGRESSIVE;
				CLANG_WARN_UNREACHABLE_CODE = YES;
				CLANG_WARN__DUPLICATE_METHOD_MATCH = YES;
				COPY_PHASE_STRIP = NO;
				DEBUG_INFORMATION_FORMAT = "dwarf-with-dsym";
				ENABLE_NS_ASSERTIONS = NO;
				ENABLE_STRICT_OBJC_MSGSEND = YES;
				ENABLE_USER_SCRIPT_SANDBOXING = YES;
				GCC_C_LANGUAGE_STANDARD = gnu17;
				GCC_NO_COMMON_BLOCKS = YES;
				GCC_WARN_64_TO_32_BIT_CONVERSION = YES;
				GCC_WARN_ABOUT_RETURN_TYPE = YES_ERROR;
				GCC_WARN_UNDECLARED_SELECTOR = YES;
				GCC_WARN_UNINITIALIZED_AUTOS = YES_AGGRESSIVE;
				GCC_WARN_UNUSED_FUNCTION = YES;
				GCC_WARN_UNUSED_VARIABLE = YES;
				IPHONEOS_DEPLOYMENT_TARGET = 17.2;
				LOCALIZATION_PREFERS_STRING_CATALOGS = YES;
				MTL_ENABLE_DEBUG_INFO = NO;
				MTL_FAST_MATH = YES;
				SDKROOT = iphoneos;
				SWIFT_COMPILATION_MODE = wholemodule;
				VALIDATE_PRODUCT = YES;
			};
			name = Release;
		};
		FBC5AE162BE8D07C00309492 /* Debug */ = {
			isa = XCBuildConfiguration;
			buildSettings = {
				ASSETCATALOG_COMPILER_APPICON_NAME = AppIcon;
				ASSETCATALOG_COMPILER_GLOBAL_ACCENT_COLOR_NAME = AccentColor;
				CODE_SIGN_STYLE = Automatic;
				CURRENT_PROJECT_VERSION = 1;
				DEVELOPMENT_ASSET_PATHS = "\"swift ui 6/Preview Content\"";
				DEVELOPMENT_TEAM = 5QBUTFAAPM;
				ENABLE_PREVIEWS = YES;
				GENERATE_INFOPLIST_FILE = YES;
				INFOPLIST_KEY_UIApplicationSceneManifest_Generation = YES;
				INFOPLIST_KEY_UIApplicationSupportsIndirectInputEvents = YES;
				INFOPLIST_KEY_UILaunchScreen_Generation = YES;
				INFOPLIST_KEY_UISupportedInterfaceOrientations_iPad = "UIInterfaceOrientationPortrait UIInterfaceOrientationPortraitUpsideDown UIInterfaceOrientationLandscapeLeft UIInterfaceOrientationLandscapeRight";
				INFOPLIST_KEY_UISupportedInterfaceOrientations_iPhone = "UIInterfaceOrientationPortrait UIInterfaceOrientationLandscapeLeft UIInterfaceOrientationLandscapeRight";
				LD_RUNPATH_SEARCH_PATHS = (
					"$(inherited)",
					"@executable_path/Frameworks",
				);
				MARKETING_VERSION = 1.0;
				PRODUCT_BUNDLE_IDENTIFIER = "com.kozlov.swift-ui-6";
				PRODUCT_NAME = "$(TARGET_NAME)";
				SWIFT_EMIT_LOC_STRINGS = YES;
				SWIFT_VERSION = 5.0;
				TARGETED_DEVICE_FAMILY = "1,2";
			};
			name = Debug;
		};
		FBC5AE172BE8D07C00309492 /* Release */ = {
			isa = XCBuildConfiguration;
			buildSettings = {
				ASSETCATALOG_COMPILER_APPICON_NAME = AppIcon;
				ASSETCATALOG_COMPILER_GLOBAL_ACCENT_COLOR_NAME = AccentColor;
				CODE_SIGN_STYLE = Automatic;
				CURRENT_PROJECT_VERSION = 1;
				DEVELOPMENT_ASSET_PATHS = "\"swift ui 6/Preview Content\"";
				DEVELOPMENT_TEAM = 5QBUTFAAPM;
				ENABLE_PREVIEWS = YES;
				GENERATE_INFOPLIST_FILE = YES;
				INFOPLIST_KEY_UIApplicationSceneManifest_Generation = YES;
				INFOPLIST_KEY_UIApplicationSupportsIndirectInputEvents = YES;
				INFOPLIST_KEY_UILaunchScreen_Generation = YES;
				INFOPLIST_KEY_UISupportedInterfaceOrientations_iPad = "UIInterfaceOrientationPortrait UIInterfaceOrientationPortraitUpsideDown UIInterfaceOrientationLandscapeLeft UIInterfaceOrientationLandscapeRight";
				INFOPLIST_KEY_UISupportedInterfaceOrientations_iPhone = "UIInterfaceOrientationPortrait UIInterfaceOrientationLandscapeLeft UIInterfaceOrientationLandscapeRight";
				LD_RUNPATH_SEARCH_PATHS = (
					"$(inherited)",
					"@executable_path/Frameworks",
				);
				MARKETING_VERSION = 1.0;
				PRODUCT_BUNDLE_IDENTIFIER = "com.kozlov.swift-ui-6";
				PRODUCT_NAME = "$(TARGET_NAME)";
				SWIFT_EMIT_LOC_STRINGS = YES;
				SWIFT_VERSION = 5.0;
				TARGETED_DEVICE_FAMILY = "1,2";
			};
			name = Release;
		};
		FBC5AE192BE8D07C00309492 /* Debug */ = {
			isa = XCBuildConfiguration;
			buildSettings = {
				ALWAYS_EMBED_SWIFT_STANDARD_LIBRARIES = YES;
				BUNDLE_LOADER = "$(TEST_HOST)";
				CODE_SIGN_STYLE = Automatic;
				CURRENT_PROJECT_VERSION = 1;
				DEVELOPMENT_TEAM = 5QBUTFAAPM;
				GENERATE_INFOPLIST_FILE = YES;
				IPHONEOS_DEPLOYMENT_TARGET = 17.2;
				MARKETING_VERSION = 1.0;
				PRODUCT_BUNDLE_IDENTIFIER = "com.kozlov.swift-ui-6Tests";
				PRODUCT_NAME = "$(TARGET_NAME)";
				SWIFT_EMIT_LOC_STRINGS = NO;
				SWIFT_VERSION = 5.0;
				TARGETED_DEVICE_FAMILY = "1,2";
				TEST_HOST = "$(BUILT_PRODUCTS_DIR)/swift ui 6.app/$(BUNDLE_EXECUTABLE_FOLDER_PATH)/swift ui 6";
			};
			name = Debug;
		};
		FBC5AE1A2BE8D07C00309492 /* Release */ = {
			isa = XCBuildConfiguration;
			buildSettings = {
				ALWAYS_EMBED_SWIFT_STANDARD_LIBRARIES = YES;
				BUNDLE_LOADER = "$(TEST_HOST)";
				CODE_SIGN_STYLE = Automatic;
				CURRENT_PROJECT_VERSION = 1;
				DEVELOPMENT_TEAM = 5QBUTFAAPM;
				GENERATE_INFOPLIST_FILE = YES;
				IPHONEOS_DEPLOYMENT_TARGET = 17.2;
				MARKETING_VERSION = 1.0;
				PRODUCT_BUNDLE_IDENTIFIER = "com.kozlov.swift-ui-6Tests";
				PRODUCT_NAME = "$(TARGET_NAME)";
				SWIFT_EMIT_LOC_STRINGS = NO;
				SWIFT_VERSION = 5.0;
				TARGETED_DEVICE_FAMILY = "1,2";
				TEST_HOST = "$(BUILT_PRODUCTS_DIR)/swift ui 6.app/$(BUNDLE_EXECUTABLE_FOLDER_PATH)/swift ui 6";
			};
			name = Release;
		};
		FBC5AE1C2BE8D07C00309492 /* Debug */ = {
			isa = XCBuildConfiguration;
			buildSettings = {
				ALWAYS_EMBED_SWIFT_STANDARD_LIBRARIES = YES;
				CODE_SIGN_STYLE = Automatic;
				CURRENT_PROJECT_VERSION = 1;
				DEVELOPMENT_TEAM = 5QBUTFAAPM;
				GENERATE_INFOPLIST_FILE = YES;
				MARKETING_VERSION = 1.0;
				PRODUCT_BUNDLE_IDENTIFIER = "com.kozlov.swift-ui-6UITests";
				PRODUCT_NAME = "$(TARGET_NAME)";
				SWIFT_EMIT_LOC_STRINGS = NO;
				SWIFT_VERSION = 5.0;
				TARGETED_DEVICE_FAMILY = "1,2";
				TEST_TARGET_NAME = "swift ui 6";
			};
			name = Debug;
		};
		FBC5AE1D2BE8D07C00309492 /* Release */ = {
			isa = XCBuildConfiguration;
			buildSettings = {
				ALWAYS_EMBED_SWIFT_STANDARD_LIBRARIES = YES;
				CODE_SIGN_STYLE = Automatic;
				CURRENT_PROJECT_VERSION = 1;
				DEVELOPMENT_TEAM = 5QBUTFAAPM;
				GENERATE_INFOPLIST_FILE = YES;
				MARKETING_VERSION = 1.0;
				PRODUCT_BUNDLE_IDENTIFIER = "com.kozlov.swift-ui-6UITests";
				PRODUCT_NAME = "$(TARGET_NAME)";
				SWIFT_EMIT_LOC_STRINGS = NO;
				SWIFT_VERSION = 5.0;
				TARGETED_DEVICE_FAMILY = "1,2";
				TEST_TARGET_NAME = "swift ui 6";
			};
			name = Release;
		};
/* End XCBuildConfiguration section */

/* Begin XCConfigurationList section */
		FBC5ADEC2BE8D07300309492 /* Build configuration list for PBXProject "swift ui 6" */ = {
			isa = XCConfigurationList;
			buildConfigurations = (
				FBC5AE132BE8D07C00309492 /* Debug */,
				FBC5AE142BE8D07C00309492 /* Release */,
			);
			defaultConfigurationIsVisible = 0;
			defaultConfigurationName = Release;
		};
		FBC5AE152BE8D07C00309492 /* Build configuration list for PBXNativeTarget "swift ui 6" */ = {
			isa = XCConfigurationList;
			buildConfigurations = (
				FBC5AE162BE8D07C00309492 /* Debug */,
				FBC5AE172BE8D07C00309492 /* Release */,
			);
			defaultConfigurationIsVisible = 0;
			defaultConfigurationName = Release;
		};
		FBC5AE182BE8D07C00309492 /* Build configuration list for PBXNativeTarget "swift ui 6Tests" */ = {
			isa = XCConfigurationList;
			buildConfigurations = (
				FBC5AE192BE8D07C00309492 /* Debug */,
				FBC5AE1A2BE8D07C00309492 /* Release */,
			);
			defaultConfigurationIsVisible = 0;
			defaultConfigurationName = Release;
		};
		FBC5AE1B2BE8D07C00309492 /* Build configuration list for PBXNativeTarget "swift ui 6UITests" */ = {
			isa = XCConfigurationList;
			buildConfigurations = (
				FBC5AE1C2BE8D07C00309492 /* Debug */,
				FBC5AE1D2BE8D07C00309492 /* Release */,
			);
			defaultConfigurationIsVisible = 0;
			defaultConfigurationName = Release;
		};
/* End XCConfigurationList section */
	};
	rootObject = FBC5ADE92BE8D07300309492 /* Project object */;
}
